
Microsoft Visual Studio Solution File, Format Version 12.00
# Visual Studio Version 17
VisualStudioVersion = 17.9.34728.123
MinimumVisualStudioVersion = 10.0.40219.1
Project("{FAE04EC0-301F-11D3-BF4B-00C04F79EFBC}") = "TechPort", "TechPort\TechPort.csproj", "{8BA157F4-161B-4176-88CE-217A1F13945F}"
EndProject
Global
	GlobalSection(SolutionConfigurationPlatforms) = preSolution
		Debug|Any CPU = Debug|Any CPU
		Debug|arm64 = Debug|arm64
		Debug|x64 = Debug|x64
		Debug|x86 = Debug|x86
		Release|Any CPU = Release|Any CPU
		Release|arm64 = Release|arm64
		Release|x64 = Release|x64
		Release|x86 = Release|x86
	EndGlobalSection
	GlobalSection(ProjectConfigurationPlatforms) = postSolution
		{8BA157F4-161B-4176-88CE-217A1F13945F}.Debug|Any CPU.ActiveCfg = Debug|Any CPU
		{8BA157F4-161B-4176-88CE-217A1F13945F}.Debug|Any CPU.Build.0 = Debug|Any CPU
		{8BA157F4-161B-4176-88CE-217A1F13945F}.Debug|arm64.ActiveCfg = Debug|Any CPU
		{8BA157F4-161B-4176-88CE-217A1F13945F}.Debug|arm64.Build.0 = Debug|Any CPU
		{8BA157F4-161B-4176-88CE-217A1F13945F}.Debug|x64.ActiveCfg = Debug|Any CPU
		{8BA157F4-161B-4176-88CE-217A1F13945F}.Debug|x64.Build.0 = Debug|Any CPU
		{8BA157F4-161B-4176-88CE-217A1F13945F}.Debug|x86.ActiveCfg = Debug|Any CPU
		{8BA157F4-161B-4176-88CE-217A1F13945F}.Debug|x86.Build.0 = Debug|Any CPU
		{8BA157F4-161B-4176-88CE-217A1F13945F}.Release|Any CPU.ActiveCfg = Release|Any CPU
		{8BA157F4-161B-4176-88CE-217A1F13945F}.Release|Any CPU.Build.0 = Release|Any CPU
		{8BA157F4-161B-4176-88CE-217A1F13945F}.Release|arm64.ActiveCfg = Release|Any CPU
		{8BA157F4-161B-4176-88CE-217A1F13945F}.Release|arm64.Build.0 = Release|Any CPU
		{8BA157F4-161B-4176-88CE-217A1F13945F}.Release|x64.ActiveCfg = Release|Any CPU
		{8BA157F4-161B-4176-88CE-217A1F13945F}.Release|x64.Build.0 = Release|Any CPU
		{8BA157F4-161B-4176-88CE-217A1F13945F}.Release|x86.ActiveCfg = Release|Any CPU
		{8BA157F4-161B-4176-88CE-217A1F13945F}.Release|x86.Build.0 = Release|Any CPU
	EndGlobalSection
	GlobalSection(SolutionProperties) = preSolution
		HideSolutionNode = FALSE
	EndGlobalSection
	GlobalSection(ExtensibilityGlobals) = postSolution
		SolutionGuid = {DBD5ECBE-307C-4961-A979-8D5CA3CBFBEF}
	EndGlobalSection
EndGlobal
