
Microsoft Visual Studio Solution File, Format Version 12.00
# Visual Studio Version 17
VisualStudioVersion = 17.9.34728.123
MinimumVisualStudioVersion = 10.0.40219.1
Project("{FAE04EC0-301F-11D3-BF4B-00C04F79EFBC}") = "TechPort", "TechPort\TechPort.csproj", "{8BA157F4-161B-4176-88CE-217A1F13945F}"
EndProject
Project("{9A19103F-16F7-4668-BE54-9A1E7A4F7556}") = "TechPortWinUI", "TechPortWinUI\TechPortWinUI.csproj", "{00A9AFCC-3A38-41DD-8C75-D8F61E3E2FA0}"
EndProject
Project("{9A19103F-16F7-4668-BE54-9A1E7A4F7556}") = "TechPortWinUI.Core", "TechPortWinUI.Core\TechPortWinUI.Core.csproj", "{E1E310E9-61EE-4265-A35C-753CDBEAE5FD}"
EndProject
Project("{2150E333-8FDC-42A3-9474-1A3956D46DE8}") = "Solution Items", "Solution Items", "{C03CE7B3-5BA6-4789-B68B-774DA3F4FBCA}"
EndProject
Global
	GlobalSection(SolutionConfigurationPlatforms) = preSolution
		Debug|Any CPU = Debug|Any CPU
		Debug|arm64 = Debug|arm64
		Debug|x64 = Debug|x64
		Debug|x86 = Debug|x86
		Release|Any CPU = Release|Any CPU
		Release|arm64 = Release|arm64
		Release|x64 = Release|x64
		Release|x86 = Release|x86
	EndGlobalSection
	GlobalSection(ProjectConfigurationPlatforms) = postSolution
		{8BA157F4-161B-4176-88CE-217A1F13945F}.Debug|Any CPU.ActiveCfg = Debug|Any CPU
		{8BA157F4-161B-4176-88CE-217A1F13945F}.Debug|Any CPU.Build.0 = Debug|Any CPU
		{8BA157F4-161B-4176-88CE-217A1F13945F}.Debug|arm64.ActiveCfg = Debug|Any CPU
		{8BA157F4-161B-4176-88CE-217A1F13945F}.Debug|arm64.Build.0 = Debug|Any CPU
		{8BA157F4-161B-4176-88CE-217A1F13945F}.Debug|x64.ActiveCfg = Debug|Any CPU
		{8BA157F4-161B-4176-88CE-217A1F13945F}.Debug|x64.Build.0 = Debug|Any CPU
		{8BA157F4-161B-4176-88CE-217A1F13945F}.Debug|x86.ActiveCfg = Debug|Any CPU
		{8BA157F4-161B-4176-88CE-217A1F13945F}.Debug|x86.Build.0 = Debug|Any CPU
		{8BA157F4-161B-4176-88CE-217A1F13945F}.Release|Any CPU.ActiveCfg = Release|Any CPU
		{8BA157F4-161B-4176-88CE-217A1F13945F}.Release|Any CPU.Build.0 = Release|Any CPU
		{8BA157F4-161B-4176-88CE-217A1F13945F}.Release|arm64.ActiveCfg = Release|Any CPU
		{8BA157F4-161B-4176-88CE-217A1F13945F}.Release|arm64.Build.0 = Release|Any CPU
		{8BA157F4-161B-4176-88CE-217A1F13945F}.Release|x64.ActiveCfg = Release|Any CPU
		{8BA157F4-161B-4176-88CE-217A1F13945F}.Release|x64.Build.0 = Release|Any CPU
		{8BA157F4-161B-4176-88CE-217A1F13945F}.Release|x86.ActiveCfg = Release|Any CPU
		{8BA157F4-161B-4176-88CE-217A1F13945F}.Release|x86.Build.0 = Release|Any CPU
		{00A9AFCC-3A38-41DD-8C75-D8F61E3E2FA0}.Debug|Any CPU.ActiveCfg = Debug|x64
		{00A9AFCC-3A38-41DD-8C75-D8F61E3E2FA0}.Debug|Any CPU.Build.0 = Debug|x64
		{00A9AFCC-3A38-41DD-8C75-D8F61E3E2FA0}.Debug|Any CPU.Deploy.0 = Debug|x64
		{00A9AFCC-3A38-41DD-8C75-D8F61E3E2FA0}.Debug|arm64.ActiveCfg = Debug|arm64
		{00A9AFCC-3A38-41DD-8C75-D8F61E3E2FA0}.Debug|arm64.Build.0 = Debug|arm64
		{00A9AFCC-3A38-41DD-8C75-D8F61E3E2FA0}.Debug|arm64.Deploy.0 = Debug|arm64
		{00A9AFCC-3A38-41DD-8C75-D8F61E3E2FA0}.Debug|x64.ActiveCfg = Debug|x64
		{00A9AFCC-3A38-41DD-8C75-D8F61E3E2FA0}.Debug|x64.Build.0 = Debug|x64
		{00A9AFCC-3A38-41DD-8C75-D8F61E3E2FA0}.Debug|x64.Deploy.0 = Debug|x64
		{00A9AFCC-3A38-41DD-8C75-D8F61E3E2FA0}.Debug|x86.ActiveCfg = Debug|x86
		{00A9AFCC-3A38-41DD-8C75-D8F61E3E2FA0}.Debug|x86.Build.0 = Debug|x86
		{00A9AFCC-3A38-41DD-8C75-D8F61E3E2FA0}.Debug|x86.Deploy.0 = Debug|x86
		{00A9AFCC-3A38-41DD-8C75-D8F61E3E2FA0}.Release|Any CPU.ActiveCfg = Release|x64
		{00A9AFCC-3A38-41DD-8C75-D8F61E3E2FA0}.Release|Any CPU.Build.0 = Release|x64
		{00A9AFCC-3A38-41DD-8C75-D8F61E3E2FA0}.Release|Any CPU.Deploy.0 = Release|x64
		{00A9AFCC-3A38-41DD-8C75-D8F61E3E2FA0}.Release|arm64.ActiveCfg = Release|arm64
		{00A9AFCC-3A38-41DD-8C75-D8F61E3E2FA0}.Release|arm64.Build.0 = Release|arm64
		{00A9AFCC-3A38-41DD-8C75-D8F61E3E2FA0}.Release|arm64.Deploy.0 = Release|arm64
		{00A9AFCC-3A38-41DD-8C75-D8F61E3E2FA0}.Release|x64.ActiveCfg = Release|x64
		{00A9AFCC-3A38-41DD-8C75-D8F61E3E2FA0}.Release|x64.Build.0 = Release|x64
		{00A9AFCC-3A38-41DD-8C75-D8F61E3E2FA0}.Release|x64.Deploy.0 = Release|x64
		{00A9AFCC-3A38-41DD-8C75-D8F61E3E2FA0}.Release|x86.ActiveCfg = Release|x86
		{00A9AFCC-3A38-41DD-8C75-D8F61E3E2FA0}.Release|x86.Build.0 = Release|x86
		{00A9AFCC-3A38-41DD-8C75-D8F61E3E2FA0}.Release|x86.Deploy.0 = Release|x86
		{E1E310E9-61EE-4265-A35C-753CDBEAE5FD}.Debug|Any CPU.ActiveCfg = Debug|Any CPU
		{E1E310E9-61EE-4265-A35C-753CDBEAE5FD}.Debug|Any CPU.Build.0 = Debug|Any CPU
		{E1E310E9-61EE-4265-A35C-753CDBEAE5FD}.Debug|arm64.ActiveCfg = Debug|arm64
		{E1E310E9-61EE-4265-A35C-753CDBEAE5FD}.Debug|arm64.Build.0 = Debug|arm64
		{E1E310E9-61EE-4265-A35C-753CDBEAE5FD}.Debug|x64.ActiveCfg = Debug|x64
		{E1E310E9-61EE-4265-A35C-753CDBEAE5FD}.Debug|x64.Build.0 = Debug|x64
		{E1E310E9-61EE-4265-A35C-753CDBEAE5FD}.Debug|x86.ActiveCfg = Debug|x86
		{E1E310E9-61EE-4265-A35C-753CDBEAE5FD}.Debug|x86.Build.0 = Debug|x86
		{E1E310E9-61EE-4265-A35C-753CDBEAE5FD}.Release|Any CPU.ActiveCfg = Release|Any CPU
		{E1E310E9-61EE-4265-A35C-753CDBEAE5FD}.Release|Any CPU.Build.0 = Release|Any CPU
		{E1E310E9-61EE-4265-A35C-753CDBEAE5FD}.Release|arm64.ActiveCfg = Release|arm64
		{E1E310E9-61EE-4265-A35C-753CDBEAE5FD}.Release|arm64.Build.0 = Release|arm64
		{E1E310E9-61EE-4265-A35C-753CDBEAE5FD}.Release|x64.ActiveCfg = Release|x64
		{E1E310E9-61EE-4265-A35C-753CDBEAE5FD}.Release|x64.Build.0 = Release|x64
		{E1E310E9-61EE-4265-A35C-753CDBEAE5FD}.Release|x86.ActiveCfg = Release|x86
		{E1E310E9-61EE-4265-A35C-753CDBEAE5FD}.Release|x86.Build.0 = Release|x86
	EndGlobalSection
	GlobalSection(SolutionProperties) = preSolution
		HideSolutionNode = FALSE
	EndGlobalSection
	GlobalSection(ExtensibilityGlobals) = postSolution
		SolutionGuid = {DBD5ECBE-307C-4961-A979-8D5CA3CBFBEF}
	EndGlobalSection
EndGlobal
